
Microsoft Visual Studio Solution File, Format Version 12.00
# Visual Studio 14
VisualStudioVersion = 14.0.23107.0
MinimumVisualStudioVersion = 10.0.40219.1
Project("{A0786B88-2ADB-4C21-ABE8-AA2D79766269}") = "warehouse-inventory system", "warehouse-inventory System\warehouse-inventory system.phpproj", "{6B431A2A-D4BA-4D76-B6B7-B22BE3DFE515}"
EndProject
Global
	GlobalSection(SolutionConfigurationPlatforms) = preSolution
		Debug|Any CPU = Debug|Any CPU
		Release|Any CPU = Release|Any CPU
	EndGlobalSection
	GlobalSection(ProjectConfigurationPlatforms) = postSolution
		{6B431A2A-D4BA-4D76-B6B7-B22BE3DFE515}.Debug|Any CPU.ActiveCfg = Debug|Any CPU
		{6B431A2A-D4BA-4D76-B6B7-B22BE3DFE515}.Release|Any CPU.ActiveCfg = Release|Any CPU
	EndGlobalSection
	GlobalSection(SolutionProperties) = preSolution
		HideSolutionNode = FALSE
	EndGlobalSection
EndGlobal
